
Microsoft Visual Studio Solution File, Format Version 12.00
# Visual Studio Version 16
VisualStudioVersion = 16.0.29519.181
MinimumVisualStudioVersion = 10.0.40219.1
Project("{FAE04EC0-301F-11D3-BF4B-00C04F79EFBC}") = "AESDecrypt", "AESDecrypt.csproj", "{1DFED1FC-4D1C-4236-AC3C-BD7F516BA79D}"
EndProject
Project("{FAE04EC0-301F-11D3-BF4B-00C04F79EFBC}") = "RSADecrypt", "..\RSADecrypt\RSADecrypt.csproj", "{2835DE8C-7741-40B0-98BB-0E74B8601292}"
EndProject
Global
	GlobalSection(SolutionConfigurationPlatforms) = preSolution
		Debug|Any CPU = Debug|Any CPU
		Release|Any CPU = Release|Any CPU
	EndGlobalSection
	GlobalSection(ProjectConfigurationPlatforms) = postSolution
		{1DFED1FC-4D1C-4236-AC3C-BD7F516BA79D}.Debug|Any CPU.ActiveCfg = Debug|Any CPU
		{1DFED1FC-4D1C-4236-AC3C-BD7F516BA79D}.Debug|Any CPU.Build.0 = Debug|Any CPU
		{1DFED1FC-4D1C-4236-AC3C-BD7F516BA79D}.Release|Any CPU.ActiveCfg = Release|Any CPU
		{1DFED1FC-4D1C-4236-AC3C-BD7F516BA79D}.Release|Any CPU.Build.0 = Release|Any CPU
		{2835DE8C-7741-40B0-98BB-0E74B8601292}.Debug|Any CPU.ActiveCfg = Debug|Any CPU
		{2835DE8C-7741-40B0-98BB-0E74B8601292}.Debug|Any CPU.Build.0 = Debug|Any CPU
		{2835DE8C-7741-40B0-98BB-0E74B8601292}.Release|Any CPU.ActiveCfg = Release|Any CPU
		{2835DE8C-7741-40B0-98BB-0E74B8601292}.Release|Any CPU.Build.0 = Release|Any CPU
	EndGlobalSection
	GlobalSection(SolutionProperties) = preSolution
		HideSolutionNode = FALSE
	EndGlobalSection
	GlobalSection(ExtensibilityGlobals) = postSolution
		SolutionGuid = {9DC7F668-B6EC-4F5C-8616-1C556B2DF2F1}
	EndGlobalSection
EndGlobal
